
Microsoft Visual Studio Solution File, Format Version 12.00
# Visual Studio 15
VisualStudioVersion = 15.0.27130.2020
MinimumVisualStudioVersion = 10.0.40219.1
Project("{FAE04EC0-301F-11D3-BF4B-00C04F79EFBC}") = "StudyHabit", "StudyHabit\StudyHabit.csproj", "{E711011B-FEA1-4F4C-A588-456CF4F459EA}"
EndProject
Global
	GlobalSection(SolutionConfigurationPlatforms) = preSolution
		Debug|Any CPU = Debug|Any CPU
		Release|Any CPU = Release|Any CPU
	EndGlobalSection
	GlobalSection(ProjectConfigurationPlatforms) = postSolution
		{E711011B-FEA1-4F4C-A588-456CF4F459EA}.Debug|Any CPU.ActiveCfg = Debug|Any CPU
		{E711011B-FEA1-4F4C-A588-456CF4F459EA}.Debug|Any CPU.Build.0 = Debug|Any CPU
		{E711011B-FEA1-4F4C-A588-456CF4F459EA}.Release|Any CPU.ActiveCfg = Release|Any CPU
		{E711011B-FEA1-4F4C-A588-456CF4F459EA}.Release|Any CPU.Build.0 = Release|Any CPU
	EndGlobalSection
	GlobalSection(SolutionProperties) = preSolution
		HideSolutionNode = FALSE
	EndGlobalSection
	GlobalSection(ExtensibilityGlobals) = postSolution
		SolutionGuid = {36110A3F-F6AF-4F0A-8A8F-CE2BD8A46894}
	EndGlobalSection
EndGlobal
